
Microsoft Visual Studio Solution File, Format Version 12.00
# Visual Studio Version 16
VisualStudioVersion = 16.0.30503.244
MinimumVisualStudioVersion = 10.0.40219.1
Project("{9A19103F-16F7-4668-BE54-9A1E7A4F7556}") = "2021-dotnet-g-01", "2021-dotnet-g-01\2021-dotnet-g-01.csproj", "{2D219DAE-BC0F-49F2-985C-D3CC2ABD63E2}"
EndProject
Project("{9A19103F-16F7-4668-BE54-9A1E7A4F7556}") = "2021-dotnet-g-01.Tests", "2021-dotnet-g-01.Tests\2021-dotnet-g-01.Tests.csproj", "{203BA5EB-C356-4127-AD9D-39B9E3E7EBBA}"
EndProject
Global
	GlobalSection(SolutionConfigurationPlatforms) = preSolution
		Debug|Any CPU = Debug|Any CPU
		Release|Any CPU = Release|Any CPU
	EndGlobalSection
	GlobalSection(ProjectConfigurationPlatforms) = postSolution
		{2D219DAE-BC0F-49F2-985C-D3CC2ABD63E2}.Debug|Any CPU.ActiveCfg = Debug|Any CPU
		{2D219DAE-BC0F-49F2-985C-D3CC2ABD63E2}.Debug|Any CPU.Build.0 = Debug|Any CPU
		{2D219DAE-BC0F-49F2-985C-D3CC2ABD63E2}.Release|Any CPU.ActiveCfg = Release|Any CPU
		{2D219DAE-BC0F-49F2-985C-D3CC2ABD63E2}.Release|Any CPU.Build.0 = Release|Any CPU
		{203BA5EB-C356-4127-AD9D-39B9E3E7EBBA}.Debug|Any CPU.ActiveCfg = Debug|Any CPU
		{203BA5EB-C356-4127-AD9D-39B9E3E7EBBA}.Debug|Any CPU.Build.0 = Debug|Any CPU
		{203BA5EB-C356-4127-AD9D-39B9E3E7EBBA}.Release|Any CPU.ActiveCfg = Release|Any CPU
		{203BA5EB-C356-4127-AD9D-39B9E3E7EBBA}.Release|Any CPU.Build.0 = Release|Any CPU
	EndGlobalSection
	GlobalSection(SolutionProperties) = preSolution
		HideSolutionNode = FALSE
	EndGlobalSection
	GlobalSection(ExtensibilityGlobals) = postSolution
		SolutionGuid = {E91B7BAD-C82D-4C99-AB5C-5AA9A915AFEB}
	EndGlobalSection
EndGlobal
